
Microsoft Visual Studio Solution File, Format Version 12.00
# Visual Studio Version 17
VisualStudioVersion = 17.5.33414.496
MinimumVisualStudioVersion = 10.0.40219.1
Project("{9A19103F-16F7-4668-BE54-9A1E7A4F7556}") = "Server", "Server\Server.csproj", "{42E4CCAF-91DB-4A2E-B8CB-B5886524DF16}"
EndProject
Project("{9A19103F-16F7-4668-BE54-9A1E7A4F7556}") = "ServerCore", "ServerCore\ServerCore.csproj", "{DEE1F99A-BD38-44B9-9819-846AB81F1563}"
EndProject
Project("{9A19103F-16F7-4668-BE54-9A1E7A4F7556}") = "DummyClient", "DummyClient\DummyClient.csproj", "{BD4E660B-CA88-41CA-B60F-4E1237BD86FE}"
EndProject
Global
	GlobalSection(SolutionConfigurationPlatforms) = preSolution
		Debug|Any CPU = Debug|Any CPU
		Release|Any CPU = Release|Any CPU
	EndGlobalSection
	GlobalSection(ProjectConfigurationPlatforms) = postSolution
		{42E4CCAF-91DB-4A2E-B8CB-B5886524DF16}.Debug|Any CPU.ActiveCfg = Debug|Any CPU
		{42E4CCAF-91DB-4A2E-B8CB-B5886524DF16}.Release|Any CPU.ActiveCfg = Release|Any CPU
		{42E4CCAF-91DB-4A2E-B8CB-B5886524DF16}.Release|Any CPU.Build.0 = Release|Any CPU
		{42E4CCAF-91DB-4A2E-B8CB-B5886524DF16}.Debug|Any CPU.Build.0 = Debug|Any CPU
		{DEE1F99A-BD38-44B9-9819-846AB81F1563}.Debug|Any CPU.ActiveCfg = Debug|Any CPU
		{DEE1F99A-BD38-44B9-9819-846AB81F1563}.Debug|Any CPU.Build.0 = Debug|Any CPU
		{DEE1F99A-BD38-44B9-9819-846AB81F1563}.Release|Any CPU.ActiveCfg = Release|Any CPU
		{DEE1F99A-BD38-44B9-9819-846AB81F1563}.Release|Any CPU.Build.0 = Release|Any CPU
		{BD4E660B-CA88-41CA-B60F-4E1237BD86FE}.Debug|Any CPU.ActiveCfg = Debug|Any CPU
		{BD4E660B-CA88-41CA-B60F-4E1237BD86FE}.Debug|Any CPU.Build.0 = Debug|Any CPU
		{BD4E660B-CA88-41CA-B60F-4E1237BD86FE}.Release|Any CPU.ActiveCfg = Release|Any CPU
		{BD4E660B-CA88-41CA-B60F-4E1237BD86FE}.Release|Any CPU.Build.0 = Release|Any CPU
	EndGlobalSection
	GlobalSection(SolutionProperties) = preSolution
		HideSolutionNode = FALSE
	EndGlobalSection
	GlobalSection(ExtensibilityGlobals) = postSolution
		SolutionGuid = {DAE2CAAB-DD82-4A87-AE60-A924EDCB438C}
	EndGlobalSection
EndGlobal
